hash: 0dd6d7a914b3abc962d6672192ac95762760f670b1f459782b1bcc43dce04b56
updated: 2018-06-15T14:10:46.043940421+02:00
imports:
- name: github.com/didip/tollbooth
  version: c95eaa3ddc98f635a91e218b48727fb2e06613ea
- name: github.com/gorilla/context
  version: 08b5f424b9271eedf6f9f0ce86cb9396ed337a42
- name: github.com/gorilla/mux
  version: e3702bed27f0d39777b0b37b664b6280e8ef8fbf
- name: github.com/messagebird/go-rest-api
  version: a505e01a7789c134e09737b4ed78aff748848259
testImports: []
